// !$*UTF8*$!
{
	archiveVersion = 1;
	classes = {
	};
	objectVersion = 56;
	objects = {

/* Begin PBXBuildFile section */
		EA4AB7DC2BE00A4D00BC5148 /* OutlineStringView.swift in Sources */ = {isa = PBXBuildFile; fileRef = EA4AB7DB2BE00A4D00BC5148 /* OutlineStringView.swift */; };
		EA8F50ED2BD13B1400866E14 /* RealityKitContent in Frameworks */ = {isa = PBXBuildFile; productRef = EA8F50EC2BD13B1400866E14 /* RealityKitContent */; };
		EA8F50EF2BD13B1400866E14 /* MagicalWonderClockApp.swift in Sources */ = {isa = PBXBuildFile; fileRef = EA8F50EE2BD13B1400866E14 /* MagicalWonderClockApp.swift */; };
		EA8F50F12BD13B1400866E14 /* ContentView.swift in Sources */ = {isa = PBXBuildFile; fileRef = EA8F50F02BD13B1400866E14 /* ContentView.swift */; };
		EA8F50F32BD13B1400866E14 /* VolumetricView.swift in Sources */ = {isa = PBXBuildFile; fileRef = EA8F50F22BD13B1400866E14 /* VolumetricView.swift */; };
		EA8F50F52BD13B1500866E14 /* Assets.xcassets in Resources */ = {isa = PBXBuildFile; fileRef = EA8F50F42BD13B1500866E14 /* Assets.xcassets */; };
		EA8F50F82BD13B1500866E14 /* Preview Assets.xcassets in Resources */ = {isa = PBXBuildFile; fileRef = EA8F50F72BD13B1500866E14 /* Preview Assets.xcassets */; };
		EA8F51022BD1759700866E14 /* Ikemen in Frameworks */ = {isa = PBXBuildFile; productRef = EA8F51012BD1759700866E14 /* Ikemen */; };
		EA8F51052BD175B500866E14 /* SwiftSparql in Frameworks */ = {isa = PBXBuildFile; productRef = EA8F51042BD175B500866E14 /* SwiftSparql */; };
		EA8F51072BD1761300866E14 /* Imasparql.swift in Sources */ = {isa = PBXBuildFile; fileRef = EA8F51062BD1761300866E14 /* Imasparql.swift */; };
		EA8F51092BD2CE1900866E14 /* AcrylClock.swift in Sources */ = {isa = PBXBuildFile; fileRef = EA8F51082BD2CE1900866E14 /* AcrylClock.swift */; };
/* End PBXBuildFile section */

/* Begin PBXFileReference section */
		EA4AB7DB2BE00A4D00BC5148 /* OutlineStringView.swift */ = {isa = PBXFileReference; lastKnownFileType = sourcecode.swift; path = OutlineStringView.swift; sourceTree = "<group>"; };
		EA8F50E72BD13B1400866E14 /* MagicalWonderClock.app */ = {isa = PBXFileReference; explicitFileType = wrapper.application; includeInIndex = 0; path = MagicalWonderClock.app; sourceTree = BUILT_PRODUCTS_DIR; };
		EA8F50EB2BD13B1400866E14 /* RealityKitContent */ = {isa = PBXFileReference; lastKnownFileType = wrapper; path = RealityKitContent; sourceTree = "<group>"; };
		EA8F50EE2BD13B1400866E14 /* MagicalWonderClockApp.swift */ = {isa = PBXFileReference; lastKnownFileType = sourcecode.swift; path = MagicalWonderClockApp.swift; sourceTree = "<group>"; };
		EA8F50F02BD13B1400866E14 /* ContentView.swift */ = {isa = PBXFileReference; lastKnownFileType = sourcecode.swift; path = ContentView.swift; sourceTree = "<group>"; };
		EA8F50F22BD13B1400866E14 /* VolumetricView.swift */ = {isa = PBXFileReference; lastKnownFileType = sourcecode.swift; path = VolumetricView.swift; sourceTree = "<group>"; };
		EA8F50F42BD13B1500866E14 /* Assets.xcassets */ = {isa = PBXFileReference; lastKnownFileType = folder.assetcatalog; path = Assets.xcassets; sourceTree = "<group>"; };
		EA8F50F72BD13B1500866E14 /* Preview Assets.xcassets */ = {isa = PBXFileReference; lastKnownFileType = folder.assetcatalog; path = "Preview Assets.xcassets"; sourceTree = "<group>"; };
		EA8F50F92BD13B1500866E14 /* Info.plist */ = {isa = PBXFileReference; lastKnownFileType = text.plist.xml; path = Info.plist; sourceTree = "<group>"; };
		EA8F51062BD1761300866E14 /* Imasparql.swift */ = {isa = PBXFileReference; lastKnownFileType = sourcecode.swift; path = Imasparql.swift; sourceTree = "<group>"; };
		EA8F51082BD2CE1900866E14 /* AcrylClock.swift */ = {isa = PBXFileReference; lastKnownFileType = sourcecode.swift; path = AcrylClock.swift; sourceTree = "<group>"; };
/* End PBXFileReference section */

/* Begin PBXFrameworksBuildPhase section */
		EA8F50E42BD13B1400866E14 /* Frameworks */ = {
			isa = PBXFrameworksBuildPhase;
			buildActionMask = 2147483647;
			files = (
				EA8F50ED2BD13B1400866E14 /* RealityKitContent in Frameworks */,
				EA8F51052BD175B500866E14 /* SwiftSparql in Frameworks */,
				EA8F51022BD1759700866E14 /* Ikemen in Frameworks */,
			);
			runOnlyForDeploymentPostprocessing = 0;
		};
/* End PBXFrameworksBuildPhase section */

/* Begin PBXGroup section */
		EA8F50DE2BD13B1400866E14 = {
			isa = PBXGroup;
			children = (
				EA8F50E92BD13B1400866E14 /* MagicalWonderClock */,
				EA8F50EA2BD13B1400866E14 /* Packages */,
				EA8F50E82BD13B1400866E14 /* Products */,
			);
			sourceTree = "<group>";
		};
		EA8F50E82BD13B1400866E14 /* Products */ = {
			isa = PBXGroup;
			children = (
				EA8F50E72BD13B1400866E14 /* MagicalWonderClock.app */,
			);
			name = Products;
			sourceTree = "<group>";
		};
		EA8F50E92BD13B1400866E14 /* MagicalWonderClock */ = {
			isa = PBXGroup;
			children = (
				EA8F50EE2BD13B1400866E14 /* MagicalWonderClockApp.swift */,
				EA8F50F02BD13B1400866E14 /* ContentView.swift */,
				EA8F50F22BD13B1400866E14 /* VolumetricView.swift */,
				EA8F51082BD2CE1900866E14 /* AcrylClock.swift */,
				EA8F51062BD1761300866E14 /* Imasparql.swift */,
				EA4AB7DB2BE00A4D00BC5148 /* OutlineStringView.swift */,
				EA8F50F42BD13B1500866E14 /* Assets.xcassets */,
				EA8F50F92BD13B1500866E14 /* Info.plist */,
				EA8F50F62BD13B1500866E14 /* Preview Content */,
			);
			path = MagicalWonderClock;
			sourceTree = "<group>";
		};
		EA8F50EA2BD13B1400866E14 /* Packages */ = {
			isa = PBXGroup;
			children = (
				EA8F50EB2BD13B1400866E14 /* RealityKitContent */,
			);
			path = Packages;
			sourceTree = "<group>";
		};
		EA8F50F62BD13B1500866E14 /* Preview Content */ = {
			isa = PBXGroup;
			children = (
				EA8F50F72BD13B1500866E14 /* Preview Assets.xcassets */,
			);
			path = "Preview Content";
			sourceTree = "<group>";
		};
/* End PBXGroup section */

/* Begin PBXNativeTarget section */
		EA8F50E62BD13B1400866E14 /* MagicalWonderClock */ = {
			isa = PBXNativeTarget;
			buildConfigurationList = EA8F50FC2BD13B1500866E14 /* Build configuration list for PBXNativeTarget "MagicalWonderClock" */;
			buildPhases = (
				EA8F50E32BD13B1400866E14 /* Sources */,
				EA8F50E42BD13B1400866E14 /* Frameworks */,
				EA8F50E52BD13B1400866E14 /* Resources */,
			);
			buildRules = (
			);
			dependencies = (
			);
			name = MagicalWonderClock;
			packageProductDependencies = (
				EA8F50EC2BD13B1400866E14 /* RealityKitContent */,
				EA8F51012BD1759700866E14 /* Ikemen */,
				EA8F51042BD175B500866E14 /* SwiftSparql */,
			);
			productName = MagicalWonderClock;
			productReference = EA8F50E72BD13B1400866E14 /* MagicalWonderClock.app */;
			productType = "com.apple.product-type.application";
		};
/* End PBXNativeTarget section */

/* Begin PBXProject section */
		EA8F50DF2BD13B1400866E14 /* Project object */ = {
			isa = PBXProject;
			attributes = {
				BuildIndependentTargetsInParallel = 1;
				LastSwiftUpdateCheck = 1540;
				LastUpgradeCheck = 1540;
				TargetAttributes = {
					EA8F50E62BD13B1400866E14 = {
						CreatedOnToolsVersion = 15.4;
					};
				};
			};
			buildConfigurationList = EA8F50E22BD13B1400866E14 /* Build configuration list for PBXProject "MagicalWonderClock" */;
			compatibilityVersion = "Xcode 14.0";
			developmentRegion = en;
			hasScannedForEncodings = 0;
			knownRegions = (
				en,
				Base,
			);
			mainGroup = EA8F50DE2BD13B1400866E14;
			packageReferences = (
				EA8F51002BD1759700866E14 /* XCRemoteSwiftPackageReference "ikemen" */,
				EA8F51032BD175B500866E14 /* XCRemoteSwiftPackageReference "SwiftSparql" */,
			);
			productRefGroup = EA8F50E82BD13B1400866E14 /* Products */;
			projectDirPath = "";
			projectRoot = "";
			targets = (
				EA8F50E62BD13B1400866E14 /* MagicalWonderClock */,
			);
		};
/* End PBXProject section */

/* Begin PBXResourcesBuildPhase section */
		EA8F50E52BD13B1400866E14 /* Resources */ = {
			isa = PBXResourcesBuildPhase;
			buildActionMask = 2147483647;
			files = (
				EA8F50F82BD13B1500866E14 /* Preview Assets.xcassets in Resources */,
				EA8F50F52BD13B1500866E14 /* Assets.xcassets in Resources */,
			);
			runOnlyForDeploymentPostprocessing = 0;
		};
/* End PBXResourcesBuildPhase section */

/* Begin PBXSourcesBuildPhase section */
		EA8F50E32BD13B1400866E14 /* Sources */ = {
			isa = PBXSourcesBuildPhase;
			buildActionMask = 2147483647;
			files = (
				EA4AB7DC2BE00A4D00BC5148 /* OutlineStringView.swift in Sources */,
				EA8F51072BD1761300866E14 /* Imasparql.swift in Sources */,
				EA8F50F12BD13B1400866E14 /* ContentView.swift in Sources */,
				EA8F51092BD2CE1900866E14 /* AcrylClock.swift in Sources */,
				EA8F50EF2BD13B1400866E14 /* MagicalWonderClockApp.swift in Sources */,
				EA8F50F32BD13B1400866E14 /* VolumetricView.swift in Sources */,
			);
			runOnlyForDeploymentPostprocessing = 0;
		};
/* End PBXSourcesBuildPhase section */

/* Begin XCBuildConfiguration section */
		EA8F50FA2BD13B1500866E14 /* Debug */ = {
			isa = XCBuildConfiguration;
			buildSettings = {
				ALWAYS_SEARCH_USER_PATHS = NO;
				ASSETCATALOG_COMPILER_GENERATE_SWIFT_ASSET_SYMBOL_EXTENSIONS = YES;
				CLANG_ANALYZER_NONNULL = YES;
				CLANG_ANALYZER_NUMBER_OBJECT_CONVERSION = YES_AGGRESSIVE;
				CLANG_CXX_LANGUAGE_STANDARD = "gnu++20";
				CLANG_ENABLE_MODULES = YES;
				CLANG_ENABLE_OBJC_ARC = YES;
				CLANG_ENABLE_OBJC_WEAK = YES;
				CLANG_WARN_BLOCK_CAPTURE_AUTORELEASING = YES;
				CLANG_WARN_BOOL_CONVERSION = YES;
				CLANG_WARN_COMMA = YES;
				CLANG_WARN_CONSTANT_CONVERSION = YES;
				CLANG_WARN_DEPRECATED_OBJC_IMPLEMENTATIONS = YES;
				CLANG_WARN_DIRECT_OBJC_ISA_USAGE = YES_ERROR;
				CLANG_WARN_DOCUMENTATION_COMMENTS = YES;
				CLANG_WARN_EMPTY_BODY = YES;
				CLANG_WARN_ENUM_CONVERSION = YES;
				CLANG_WARN_INFINITE_RECURSION = YES;
				CLANG_WARN_INT_CONVERSION = YES;
				CLANG_WARN_NON_LITERAL_NULL_CONVERSION = YES;
				CLANG_WARN_OBJC_IMPLICIT_RETAIN_SELF = YES;
				CLANG_WARN_OBJC_LITERAL_CONVERSION = YES;
				CLANG_WARN_OBJC_ROOT_CLASS = YES_ERROR;
				CLANG_WARN_QUOTED_INCLUDE_IN_FRAMEWORK_HEADER = YES;
				CLANG_WARN_RANGE_LOOP_ANALYSIS = YES;
				CLANG_WARN_STRICT_PROTOTYPES = YES;
				CLANG_WARN_SUSPICIOUS_MOVE = YES;
				CLANG_WARN_UNGUARDED_AVAILABILITY = YES_AGGRESSIVE;
				CLANG_WARN_UNREACHABLE_CODE = YES;
				CLANG_WARN__DUPLICATE_METHOD_MATCH = YES;
				COPY_PHASE_STRIP = NO;
				DEBUG_INFORMATION_FORMAT = dwarf;
				ENABLE_STRICT_OBJC_MSGSEND = YES;
				ENABLE_TESTABILITY = YES;
				ENABLE_USER_SCRIPT_SANDBOXING = YES;
				GCC_C_LANGUAGE_STANDARD = gnu17;
				GCC_DYNAMIC_NO_PIC = NO;
				GCC_NO_COMMON_BLOCKS = YES;
				GCC_OPTIMIZATION_LEVEL = 0;
				GCC_PREPROCESSOR_DEFINITIONS = (
					"DEBUG=1",
					"$(inherited)",
				);
				GCC_WARN_64_TO_32_BIT_CONVERSION = YES;
				GCC_WARN_ABOUT_RETURN_TYPE = YES_ERROR;
				GCC_WARN_UNDECLARED_SELECTOR = YES;
				GCC_WARN_UNINITIALIZED_AUTOS = YES_AGGRESSIVE;
				GCC_WARN_UNUSED_FUNCTION = YES;
				GCC_WARN_UNUSED_VARIABLE = YES;
				LOCALIZATION_PREFERS_STRING_CATALOGS = YES;
				MTL_ENABLE_DEBUG_INFO = INCLUDE_SOURCE;
				MTL_FAST_MATH = YES;
				ONLY_ACTIVE_ARCH = YES;
				SDKROOT = xros;
				SWIFT_ACTIVE_COMPILATION_CONDITIONS = "DEBUG $(inherited)";
				SWIFT_OPTIMIZATION_LEVEL = "-Onone";
				XROS_DEPLOYMENT_TARGET = 1.1;
			};
			name = Debug;
		};
		EA8F50FB2BD13B1500866E14 /* Release */ = {
			isa = XCBuildConfiguration;
			buildSettings = {
				ALWAYS_SEARCH_USER_PATHS = NO;
				ASSETCATALOG_COMPILER_GENERATE_SWIFT_ASSET_SYMBOL_EXTENSIONS = YES;
				CLANG_ANALYZER_NONNULL = YES;
				CLANG_ANALYZER_NUMBER_OBJECT_CONVERSION = YES_AGGRESSIVE;
				CLANG_CXX_LANGUAGE_STANDARD = "gnu++20";
				CLANG_ENABLE_MODULES = YES;
				CLANG_ENABLE_OBJC_ARC = YES;
				CLANG_ENABLE_OBJC_WEAK = YES;
				CLANG_WARN_BLOCK_CAPTURE_AUTORELEASING = YES;
				CLANG_WARN_BOOL_CONVERSION = YES;
				CLANG_WARN_COMMA = YES;
				CLANG_WARN_CONSTANT_CONVERSION = YES;
				CLANG_WARN_DEPRECATED_OBJC_IMPLEMENTATIONS = YES;
				CLANG_WARN_DIRECT_OBJC_ISA_USAGE = YES_ERROR;
				CLANG_WARN_DOCUMENTATION_COMMENTS = YES;
				CLANG_WARN_EMPTY_BODY = YES;
				CLANG_WARN_ENUM_CONVERSION = YES;
				CLANG_WARN_INFINITE_RECURSION = YES;
				CLANG_WARN_INT_CONVERSION = YES;
				CLANG_WARN_NON_LITERAL_NULL_CONVERSION = YES;
				CLANG_WARN_OBJC_IMPLICIT_RETAIN_SELF = YES;
				CLANG_WARN_OBJC_LITERAL_CONVERSION = YES;
				CLANG_WARN_OBJC_ROOT_CLASS = YES_ERROR;
				CLANG_WARN_QUOTED_INCLUDE_IN_FRAMEWORK_HEADER = YES;
				CLANG_WARN_RANGE_LOOP_ANALYSIS = YES;
				CLANG_WARN_STRICT_PROTOTYPES = YES;
				CLANG_WARN_SUSPICIOUS_MOVE = YES;
				CLANG_WARN_UNGUARDED_AVAILABILITY = YES_AGGRESSIVE;
				CLANG_WARN_UNREACHABLE_CODE = YES;
				CLANG_WARN__DUPLICATE_METHOD_MATCH = YES;
				COPY_PHASE_STRIP = NO;
				DEBUG_INFORMATION_FORMAT = "dwarf-with-dsym";
				ENABLE_NS_ASSERTIONS = NO;
				ENABLE_STRICT_OBJC_MSGSEND = YES;
				ENABLE_USER_SCRIPT_SANDBOXING = YES;
				GCC_C_LANGUAGE_STANDARD = gnu17;
				GCC_NO_COMMON_BLOCKS = YES;
				GCC_WARN_64_TO_32_BIT_CONVERSION = YES;
				GCC_WARN_ABOUT_RETURN_TYPE = YES_ERROR;
				GCC_WARN_UNDECLARED_SELECTOR = YES;
				GCC_WARN_UNINITIALIZED_AUTOS = YES_AGGRESSIVE;
				GCC_WARN_UNUSED_FUNCTION = YES;
				GCC_WARN_UNUSED_VARIABLE = YES;
				LOCALIZATION_PREFERS_STRING_CATALOGS = YES;
				MTL_ENABLE_DEBUG_INFO = NO;
				MTL_FAST_MATH = YES;
				SDKROOT = xros;
				SWIFT_COMPILATION_MODE = wholemodule;
				VALIDATE_PRODUCT = YES;
				XROS_DEPLOYMENT_TARGET = 1.1;
			};
			name = Release;
		};
		EA8F50FD2BD13B1500866E14 /* Debug */ = {
			isa = XCBuildConfiguration;
			buildSettings = {
				ASSETCATALOG_COMPILER_APPICON_NAME = AppIcon;
				ASSETCATALOG_COMPILER_GLOBAL_ACCENT_COLOR_NAME = AccentColor;
				CODE_SIGN_STYLE = Automatic;
				CURRENT_PROJECT_VERSION = 1;
				DEVELOPMENT_ASSET_PATHS = "\"MagicalWonderClock/Preview Content\"";
				DEVELOPMENT_TEAM = FPZK4WRGW7;
				ENABLE_PREVIEWS = YES;
				GENERATE_INFOPLIST_FILE = YES;
				INFOPLIST_FILE = "$(TARGET_NAME)/Info.plist";
				LD_RUNPATH_SEARCH_PATHS = (
					"$(inherited)",
					"@executable_path/Frameworks",
				);
				MARKETING_VERSION = 1.0;
				PRODUCT_BUNDLE_IDENTIFIER = jp.banjun.MagicalWonderClock;
				PRODUCT_NAME = "$(TARGET_NAME)";
				SUPPORTED_PLATFORMS = "xros xrsimulator";
				SWIFT_EMIT_LOC_STRINGS = YES;
				SWIFT_VERSION = 5.0;
				TARGETED_DEVICE_FAMILY = "1,2,7";
			};
			name = Debug;
		};
		EA8F50FE2BD13B1500866E14 /* Release */ = {
			isa = XCBuildConfiguration;
			buildSettings = {
				ASSETCATALOG_COMPILER_APPICON_NAME = AppIcon;
				ASSETCATALOG_COMPILER_GLOBAL_ACCENT_COLOR_NAME = AccentColor;
				CODE_SIGN_STYLE = Automatic;
				CURRENT_PROJECT_VERSION = 1;
				DEVELOPMENT_ASSET_PATHS = "\"MagicalWonderClock/Preview Content\"";
				DEVELOPMENT_TEAM = FPZK4WRGW7;
				ENABLE_PREVIEWS = YES;
				GENERATE_INFOPLIST_FILE = YES;
				INFOPLIST_FILE = "$(TARGET_NAME)/Info.plist";
				LD_RUNPATH_SEARCH_PATHS = (
					"$(inherited)",
					"@executable_path/Frameworks",
				);
				MARKETING_VERSION = 1.0;
				PRODUCT_BUNDLE_IDENTIFIER = jp.banjun.MagicalWonderClock;
				PRODUCT_NAME = "$(TARGET_NAME)";
				SUPPORTED_PLATFORMS = "xros xrsimulator";
				SWIFT_EMIT_LOC_STRINGS = YES;
				SWIFT_VERSION = 5.0;
				TARGETED_DEVICE_FAMILY = "1,2,7";
			};
			name = Release;
		};
/* End XCBuildConfiguration section */

/* Begin XCConfigurationList section */
		EA8F50E22BD13B1400866E14 /* Build configuration list for PBXProject "MagicalWonderClock" */ = {
			isa = XCConfigurationList;
			buildConfigurations = (
				EA8F50FA2BD13B1500866E14 /* Debug */,
				EA8F50FB2BD13B1500866E14 /* Release */,
			);
			defaultConfigurationIsVisible = 0;
			defaultConfigurationName = Release;
		};
		EA8F50FC2BD13B1500866E14 /* Build configuration list for PBXNativeTarget "MagicalWonderClock" */ = {
			isa = XCConfigurationList;
			buildConfigurations = (
				EA8F50FD2BD13B1500866E14 /* Debug */,
				EA8F50FE2BD13B1500866E14 /* Release */,
			);
			defaultConfigurationIsVisible = 0;
			defaultConfigurationName = Release;
		};
/* End XCConfigurationList section */

/* Begin XCRemoteSwiftPackageReference section */
		EA8F51002BD1759700866E14 /* XCRemoteSwiftPackageReference "ikemen" */ = {
			isa = XCRemoteSwiftPackageReference;
			repositoryURL = "https://github.com/banjun/ikemen";
			requirement = {
				kind = upToNextMajorVersion;
				minimumVersion = 0.8.0;
			};
		};
		EA8F51032BD175B500866E14 /* XCRemoteSwiftPackageReference "SwiftSparql" */ = {
			isa = XCRemoteSwiftPackageReference;
			repositoryURL = "https://github.com/banjun/SwiftSparql";
			requirement = {
				kind = upToNextMajorVersion;
				minimumVersion = 0.13.0;
			};
		};
/* End XCRemoteSwiftPackageReference section */

/* Begin XCSwiftPackageProductDependency section */
		EA8F50EC2BD13B1400866E14 /* RealityKitContent */ = {
			isa = XCSwiftPackageProductDependency;
			productName = RealityKitContent;
		};
		EA8F51012BD1759700866E14 /* Ikemen */ = {
			isa = XCSwiftPackageProductDependency;
			package = EA8F51002BD1759700866E14 /* XCRemoteSwiftPackageReference "ikemen" */;
			productName = Ikemen;
		};
		EA8F51042BD175B500866E14 /* SwiftSparql */ = {
			isa = XCSwiftPackageProductDependency;
			package = EA8F51032BD175B500866E14 /* XCRemoteSwiftPackageReference "SwiftSparql" */;
			productName = SwiftSparql;
		};
/* End XCSwiftPackageProductDependency section */
	};
	rootObject = EA8F50DF2BD13B1400866E14 /* Project object */;
}
