{
  "pins" : [
    {
      "identity" : "footlessparser",
      "kind" : "remoteSourceControl",
      "location" : "https://github.com/kareman/FootlessParser",
      "state" : {
        "revision" : "11c7a366720a2cc62d13ee69c8bdb8372bb3bb2b",
        "version" : "0.5.2"
      }
    },
    {
      "identity" : "ikemen",
      "kind" : "remoteSourceControl",
      "location" : "https://github.com/banjun/ikemen",
      "state" : {
        "revision" : "e675b68bd816b465e6eabfe8b85b8014d6018612",
        "version" : "0.9.0"
      }
    },
    {
      "identity" : "swiftsparql",
      "kind" : "remoteSourceControl",
      "location" : "https://github.com/banjun/SwiftSparql",
      "state" : {
        "revision" : "58c91d82126f26ffc437b8f33063a1753b83b2ec",
        "version" : "0.14.0"
      }
    }
  ],
  "version" : 2
}
