{
  "pins" : [
    {
      "identity" : "footlessparser",
      "kind" : "remoteSourceControl",
      "location" : "https://github.com/kareman/FootlessParser",
      "state" : {
        "revision" : "11c7a366720a2cc62d13ee69c8bdb8372bb3bb2b",
        "version" : "0.5.2"
      }
    },
    {
      "identity" : "ikemen",
      "kind" : "remoteSourceControl",
      "location" : "https://github.com/banjun/ikemen",
      "state" : {
        "revision" : "feb71c7d86e22a3825f3e58fec37190f5f0c575d",
        "version" : "0.8.0"
      }
    },
    {
      "identity" : "swiftsparql",
      "kind" : "remoteSourceControl",
      "location" : "https://github.com/banjun/SwiftSparql",
      "state" : {
        "revision" : "2bf3d4a020d4e323ea9a01d05c96da35a4128e04",
        "version" : "0.13.0"
      }
    }
  ],
  "version" : 2
}
